
Microsoft Visual Studio Solution File, Format Version 12.00
# Visual Studio Version 17
VisualStudioVersion = 17.9.34607.119
MinimumVisualStudioVersion = 10.0.40219.1
Project("{FAE04EC0-301F-11D3-BF4B-00C04F79EFBC}") = "SchoolManagementSystem.Domain", "SchoolManagementSystem.Domain\SchoolManagementSystem.Domain.csproj", "{406B35C8-D895-4721-960A-68FEF0E21CE9}"
EndProject
Project("{FAE04EC0-301F-11D3-BF4B-00C04F79EFBC}") = "SchoolManagementSystem.Infrastructure", "SchoolManagementSystem.Infrastructure\SchoolManagementSystem.Infrastructure.csproj", "{D6D0FA9A-D5C9-45E6-A509-47EA818140BB}"
EndProject
Project("{FAE04EC0-301F-11D3-BF4B-00C04F79EFBC}") = "SchoolManagementSystem.Application", "SchoolManagementSystem.Application\SchoolManagementSystem.Application.csproj", "{E6485465-734D-4DA7-8CE9-873E181813C8}"
EndProject
Project("{FAE04EC0-301F-11D3-BF4B-00C04F79EFBC}") = "SchoolManagementSystem.Api", "SchoolManagementSystem.Api\SchoolManagementSystem.Api.csproj", "{E34AD47D-0F1B-4793-A182-864EB58C637E}"
EndProject
Global
	GlobalSection(SolutionConfigurationPlatforms) = preSolution
		Debug|Any CPU = Debug|Any CPU
		Release|Any CPU = Release|Any CPU
	EndGlobalSection
	GlobalSection(ProjectConfigurationPlatforms) = postSolution
		{406B35C8-D895-4721-960A-68FEF0E21CE9}.Debug|Any CPU.ActiveCfg = Debug|Any CPU
		{406B35C8-D895-4721-960A-68FEF0E21CE9}.Debug|Any CPU.Build.0 = Debug|Any CPU
		{406B35C8-D895-4721-960A-68FEF0E21CE9}.Release|Any CPU.ActiveCfg = Release|Any CPU
		{406B35C8-D895-4721-960A-68FEF0E21CE9}.Release|Any CPU.Build.0 = Release|Any CPU
		{D6D0FA9A-D5C9-45E6-A509-47EA818140BB}.Debug|Any CPU.ActiveCfg = Debug|Any CPU
		{D6D0FA9A-D5C9-45E6-A509-47EA818140BB}.Debug|Any CPU.Build.0 = Debug|Any CPU
		{D6D0FA9A-D5C9-45E6-A509-47EA818140BB}.Release|Any CPU.ActiveCfg = Release|Any CPU
		{D6D0FA9A-D5C9-45E6-A509-47EA818140BB}.Release|Any CPU.Build.0 = Release|Any CPU
		{E6485465-734D-4DA7-8CE9-873E181813C8}.Debug|Any CPU.ActiveCfg = Debug|Any CPU
		{E6485465-734D-4DA7-8CE9-873E181813C8}.Debug|Any CPU.Build.0 = Debug|Any CPU
		{E6485465-734D-4DA7-8CE9-873E181813C8}.Release|Any CPU.ActiveCfg = Release|Any CPU
		{E6485465-734D-4DA7-8CE9-873E181813C8}.Release|Any CPU.Build.0 = Release|Any CPU
		{E34AD47D-0F1B-4793-A182-864EB58C637E}.Debug|Any CPU.ActiveCfg = Debug|Any CPU
		{E34AD47D-0F1B-4793-A182-864EB58C637E}.Debug|Any CPU.Build.0 = Debug|Any CPU
		{E34AD47D-0F1B-4793-A182-864EB58C637E}.Release|Any CPU.ActiveCfg = Release|Any CPU
		{E34AD47D-0F1B-4793-A182-864EB58C637E}.Release|Any CPU.Build.0 = Release|Any CPU
	EndGlobalSection
	GlobalSection(SolutionProperties) = preSolution
		HideSolutionNode = FALSE
	EndGlobalSection
	GlobalSection(ExtensibilityGlobals) = postSolution
		SolutionGuid = {7A910C45-81EB-432D-9EF1-6BCE455F07B5}
	EndGlobalSection
EndGlobal
